
Microsoft Visual Studio Solution File, Format Version 12.00
# Visual Studio 15
VisualStudioVersion = 15.0.28307.572
MinimumVisualStudioVersion = 10.0.40219.1
Project("{FAE04EC0-301F-11D3-BF4B-00C04F79EFBC}") = "XmlRenderTestProject", "XmlRenderTestProject\XmlRenderTestProject.csproj", "{EB6BA246-DF13-414E-9BD2-83590BCB90C2}"
EndProject
Global
	GlobalSection(SolutionConfigurationPlatforms) = preSolution
		Debug|Any CPU = Debug|Any CPU
		Release|Any CPU = Release|Any CPU
	EndGlobalSection
	GlobalSection(ProjectConfigurationPlatforms) = postSolution
		{EB6BA246-DF13-414E-9BD2-83590BCB90C2}.Debug|Any CPU.ActiveCfg = Debug|Any CPU
		{EB6BA246-DF13-414E-9BD2-83590BCB90C2}.Debug|Any CPU.Build.0 = Debug|Any CPU
		{EB6BA246-DF13-414E-9BD2-83590BCB90C2}.Release|Any CPU.ActiveCfg = Release|Any CPU
		{EB6BA246-DF13-414E-9BD2-83590BCB90C2}.Release|Any CPU.Build.0 = Release|Any CPU
	EndGlobalSection
	GlobalSection(SolutionProperties) = preSolution
		HideSolutionNode = FALSE
	EndGlobalSection
	GlobalSection(ExtensibilityGlobals) = postSolution
		SolutionGuid = {15002160-CD5D-4649-BFB0-05BDE969803E}
	EndGlobalSection
EndGlobal
